<?xml version="1.0" encoding="utf-8"?>
<Project ToolsVersion="4.0" xmlns="http://schemas.microsoft.com/developer/msbuild/2003">
  <ItemGroup>
    <ClInclude Include="engine\WHEngine.h" />
    <ClInclude Include="engine\WHAbstractScene.h" />
    <ClInclude Include="engine\WHAbstractMemoryStrategy.h" />
    <ClInclude Include="engine\render\WHCamera.h" />
    <ClInclude Include="engine\render\WHColor.h" />
    <ClInclude Include="engine\render\WHGraphicObject.h" />
    <ClInclude Include="engine\render\WHLight.h" />
    <ClInclude Include="engine\render\WHMaterial.h" />
    <ClInclude Include="engine\render\WHRay.h" />
    <ClInclude Include="engine\render\WHWindow.h" />
    <ClInclude Include="engine\memory\WHAbstractBuffer.h" />
    <ClInclude Include="engine\memory\WHMemoryChunk.h" />
    <ClInclude Include="engine\memory\WHMemoryManager.h" />
    <ClInclude Include="engine\memory\WHStream.h" />
    <ClInclude Include="engine\memory\WHStreamManager.h" />
    <ClInclude Include="engine\logger\WHLogger.h" />
    <ClInclude Include="engine\render\math\WHMatrix.h" />
    <ClInclude Include="engine\render\math\WHQuaternion.h" />
    <ClInclude Include="engine\render\math\WHVector.h" />
    <ClInclude Include="engine\WHKernel.cuh" />
    <ClInclude Include="engine\memory\WHEvent.h" />
  </ItemGroup>
  <ItemGroup>
    <ClCompile Include="main.cpp" />
  </ItemGroup>
</Project>