<?xml version="1.0" encoding="utf-8"?>
<Project ToolsVersion="4.0" xmlns="http://schemas.microsoft.com/developer/msbuild/2003">
  <ItemGroup>
    <ClInclude Include="render\WHColor.h" />
    <ClInclude Include="render\WHWindow.h" />
    <ClInclude Include="logger\WHLogger.h" />
    <ClInclude Include="engine\WHRay.h" />
    <ClInclude Include="engine\WHCamera.h" />
    <ClInclude Include="engine\WHLight.h" />
    <ClInclude Include="render\WHBuffer.h" />
    <ClInclude Include="math\WHVector.h" />
    <ClInclude Include="engine\WHMaterial.h" />
    <ClInclude Include="math\WHMatrix.h" />
    <ClInclude Include="render\WHStream.h" />
    <ClInclude Include="render\WHStreamManager.h" />
    <ClInclude Include="render\WHAbstractMemoryStrategy.h" />
    <ClInclude Include="render\WHMemoryManager.h" />
    <ClInclude Include="render\WHAbstractBuffer.h" />
    <ClInclude Include="render\WHMemoryChunk.h" />
  </ItemGroup>
  <ItemGroup>
    <ClCompile Include="main.cpp" />
  </ItemGroup>
</Project>